<?xml version="1.0" encoding="utf-8"?>
<Project ToolsVersion="4.0" xmlns="http://schemas.microsoft.com/developer/msbuild/2003">
  <ItemGroup>
    <Filter Include="Quelldateien">
      <UniqueIdentifier>{4FC737F1-C7A5-4376-A066-2A32D752A2FF}</UniqueIdentifier>
      <Extensions>cpp;c;cc;cxx;def;odl;idl;hpj;bat;asm;asmx</Extensions>
    </Filter>
    <Filter Include="Headerdateien">
      <UniqueIdentifier>{93995380-89BD-4b04-88EB-625FBE52EBFB}</UniqueIdentifier>
      <Extensions>h;hh;hpp;hxx;hm;inl;inc;xsd</Extensions>
    </Filter>
    <Filter Include="Ressourcendateien">
      <UniqueIdentifier>{67DA6AB6-F800-4c08-8B7A-83BB121AAD01}</UniqueIdentifier>
      <Extensions>rc;ico;cur;bmp;dlg;rc2;rct;bin;rgs;gif;jpg;jpeg;jpe;resx;tiff;tif;png;wav;mfcribbon-ms</Extensions>
    </Filter>
  </ItemGroup>
  <ItemGroup>
    <ClCompile Include="main.cpp">
      <Filter>Quelldateien</Filter>
    </ClCompile>
    <ClCompile Include="src\entity\Entity.cpp">
      <Filter>Quelldateien</Filter>
    </ClCompile>
    <ClCompile Include="src\math\mat4.cpp">
      <Filter>Quelldateien</Filter>
    </ClCompile>
    <ClCompile Include="src\entity\Camera.cpp">
      <Filter>Quelldateien</Filter>
    </ClCompile>
    <ClCompile Include="src\graphics\Mesh.cpp">
      <Filter>Quelldateien</Filter>
    </ClCompile>
    <ClCompile Include="src\math\Quaternion.cpp">
      <Filter>Quelldateien</Filter>
    </ClCompile>
    <ClCompile Include="src\graphics\buffer\Buffer.cpp">
      <Filter>Quelldateien</Filter>
    </ClCompile>
    <ClCompile Include="src\graphics\Texture.cpp">
      <Filter>Quelldateien</Filter>
    </ClCompile>
    <ClCompile Include="src\graphics\Scene.cpp">
      <Filter>Quelldateien</Filter>
    </ClCompile>
    <ClCompile Include="src\platform\windows\InputManager.cpp">
      <Filter>Quelldateien</Filter>
    </ClCompile>
    <ClCompile Include="src\entity\Light.cpp">
      <Filter>Quelldateien</Filter>
    </ClCompile>
    <ClCompile Include="src\graphics\Cubemap.cpp">
      <Filter>Quelldateien</Filter>
    </ClCompile>
    <ClCompile Include="src\utils\Time.cpp">
      <Filter>Quelldateien</Filter>
    </ClCompile>
    <ClCompile Include="src\graphics\animation\Animation.cpp">
      <Filter>Quelldateien</Filter>
    </ClCompile>
    <ClCompile Include="src\graphics\render\Renderer.cpp">
      <Filter>Quelldateien</Filter>
    </ClCompile>
    <ClCompile Include="src\utils\Log.cpp">
      <Filter>Quelldateien</Filter>
    </ClCompile>
    <ClCompile Include="src\graphics\animation\interpolation.cpp">
      <Filter>Quelldateien</Filter>
    </ClCompile>
    <ClCompile Include="src\memory\Allocator.cpp">
      <Filter>Quelldateien</Filter>
    </ClCompile>
    <ClCompile Include="src\utils\types\String.cpp">
      <Filter>Quelldateien</Filter>
    </ClCompile>
    <ClCompile Include="src\systems\SystemManager.cpp">
      <Filter>Quelldateien</Filter>
    </ClCompile>
    <ClCompile Include="src\systems\System.cpp">
      <Filter>Quelldateien</Filter>
    </ClCompile>
    <ClCompile Include="src\systems\AnimationManager.cpp">
      <Filter>Quelldateien</Filter>
    </ClCompile>
    <ClCompile Include="src\graphics\render\Shader.cpp">
      <Filter>Quelldateien</Filter>
    </ClCompile>
    <ClCompile Include="src\graphics\animation\AnimationLoader.cpp">
      <Filter>Quelldateien</Filter>
    </ClCompile>
    <ClCompile Include="src\entity\FollowCamera.cpp">
      <Filter>Quelldateien</Filter>
    </ClCompile>
    <ClCompile Include="src\systems\CollisionManager.cpp">
      <Filter>Quelldateien</Filter>
    </ClCompile>
    <ClCompile Include="src\platform\windows\Console.cpp">
      <Filter>Quelldateien</Filter>
    </ClCompile>
    <ClCompile Include="src\platform\windows\window.cpp">
      <Filter>Quelldateien</Filter>
    </ClCompile>
    <ClCompile Include="src\entity\Terrain.cpp">
      <Filter>Quelldateien</Filter>
    </ClCompile>
    <ClCompile Include="src\math\Vec3.cpp">
      <Filter>Quelldateien</Filter>
    </ClCompile>
    <ClCompile Include="src\debug\ATB.cpp">
      <Filter>Quelldateien</Filter>
    </ClCompile>
    <ClCompile Include="tests\Game.cpp">
      <Filter>Quelldateien</Filter>
    </ClCompile>
    <ClCompile Include="src\input\InputContext.cpp">
      <Filter>Quelldateien</Filter>
    </ClCompile>
    <ClCompile Include="src\input\InputMapper.cpp">
      <Filter>Quelldateien</Filter>
    </ClCompile>
    <ClCompile Include="src\input\RangeConverter.cpp">
      <Filter>Quelldateien</Filter>
    </ClCompile>
    <ClCompile Include="src\input\RawInput.cpp">
      <Filter>Quelldateien</Filter>
    </ClCompile>
    <ClCompile Include="src\utils\FileUtils.cpp">
      <Filter>Quelldateien</Filter>
    </ClCompile>
    <ClCompile Include="src\application\Application.cpp">
      <Filter>Quelldateien</Filter>
    </ClCompile>
    <ClCompile Include="src\audio\AudioSource.cpp">
      <Filter>Quelldateien</Filter>
    </ClCompile>
    <ClCompile Include="src\graphics\buffer\Framebuffer.cpp">
      <Filter>Quelldateien</Filter>
    </ClCompile>
    <ClCompile Include="src\graphics\Renderable2D.cpp">
      <Filter>Quelldateien</Filter>
    </ClCompile>
  </ItemGroup>
  <ItemGroup>
    <ClInclude Include="src\entity\Entity.h">
      <Filter>Headerdateien</Filter>
    </ClInclude>
    <ClInclude Include="src\math\mat4.h">
      <Filter>Headerdateien</Filter>
    </ClInclude>
    <ClInclude Include="src\math\maths.h">
      <Filter>Headerdateien</Filter>
    </ClInclude>
    <ClInclude Include="src\entity\Camera.h">
      <Filter>Headerdateien</Filter>
    </ClInclude>
    <ClInclude Include="src\utils\meshloader.h">
      <Filter>Headerdateien</Filter>
    </ClInclude>
    <ClInclude Include="src\math\vec2.h">
      <Filter>Headerdateien</Filter>
    </ClInclude>
    <ClInclude Include="src\graphics\Mesh.h">
      <Filter>Headerdateien</Filter>
    </ClInclude>
    <ClInclude Include="src\math\math_def.h">
      <Filter>Headerdateien</Filter>
    </ClInclude>
    <ClInclude Include="src\engine.h">
      <Filter>Headerdateien</Filter>
    </ClInclude>
    <ClInclude Include="src\math\vertex.h">
      <Filter>Headerdateien</Filter>
    </ClInclude>
    <ClInclude Include="src\math\Quaternion.h">
      <Filter>Headerdateien</Filter>
    </ClInclude>
    <ClInclude Include="src\graphics\buffer\Buffer.h">
      <Filter>Headerdateien</Filter>
    </ClInclude>
    <ClInclude Include="src\renderapi\opengl\openglAPI.h">
      <Filter>Headerdateien</Filter>
    </ClInclude>
    <ClInclude Include="src\renderapi\directx\directxAPI.h">
      <Filter>Headerdateien</Filter>
    </ClInclude>
    <ClInclude Include="src\renderapi\opengles\openglesAPI.h">
      <Filter>Headerdateien</Filter>
    </ClInclude>
    <ClInclude Include="src\graphics\Texture.h">
      <Filter>Headerdateien</Filter>
    </ClInclude>
    <ClInclude Include="src\graphics\Scene.h">
      <Filter>Headerdateien</Filter>
    </ClInclude>
    <ClInclude Include="src\platform\windowAPI.h">
      <Filter>Headerdateien</Filter>
    </ClInclude>
    <ClInclude Include="src\platform\windows\window.h">
      <Filter>Headerdateien</Filter>
    </ClInclude>
    <ClInclude Include="src\platform\windows\InputManager.h">
      <Filter>Headerdateien</Filter>
    </ClInclude>
    <ClInclude Include="src\entity\Light.h">
      <Filter>Headerdateien</Filter>
    </ClInclude>
    <ClInclude Include="src\graphics\Material.h">
      <Filter>Headerdateien</Filter>
    </ClInclude>
    <ClInclude Include="src\graphics\Model.h">
      <Filter>Headerdateien</Filter>
    </ClInclude>
    <ClInclude Include="src\graphics\Cubemap.h">
      <Filter>Headerdateien</Filter>
    </ClInclude>
    <ClInclude Include="src\utils\Time.h">
      <Filter>Headerdateien</Filter>
    </ClInclude>
    <ClInclude Include="src\systems\System.h">
      <Filter>Headerdateien</Filter>
    </ClInclude>
    <ClInclude Include="src\systems\SystemManager.h">
      <Filter>Headerdateien</Filter>
    </ClInclude>
    <ClInclude Include="src\graphics\animation\Animation.h">
      <Filter>Headerdateien</Filter>
    </ClInclude>
    <ClInclude Include="src\entity\component\Transform.h">
      <Filter>Headerdateien</Filter>
    </ClInclude>
    <ClInclude Include="src\graphics\render\Renderer.h">
      <Filter>Headerdateien</Filter>
    </ClInclude>
    <ClInclude Include="src\graphics\render\RenderAPI.h">
      <Filter>Headerdateien</Filter>
    </ClInclude>
    <ClInclude Include="src\graphics\render\Loader.h">
      <Filter>Headerdateien</Filter>
    </ClInclude>
    <ClInclude Include="src\utils\Log.h">
      <Filter>Headerdateien</Filter>
    </ClInclude>
    <ClInclude Include="src\graphics\animation\interpolation.h">
      <Filter>Headerdateien</Filter>
    </ClInclude>
    <ClInclude Include="src\memory\Allocator.h">
      <Filter>Headerdateien</Filter>
    </ClInclude>
    <ClInclude Include="src\utils\types\String.h">
      <Filter>Headerdateien</Filter>
    </ClInclude>
    <ClInclude Include="src\entity\mesh\plane.h">
      <Filter>Headerdateien</Filter>
    </ClInclude>
    <ClInclude Include="src\systems\messageing\Event.h">
      <Filter>Headerdateien</Filter>
    </ClInclude>
    <ClInclude Include="src\systems\messageing\EventDispatcher.h">
      <Filter>Headerdateien</Filter>
    </ClInclude>
    <ClInclude Include="src\systems\messageing\EventHandler.h">
      <Filter>Headerdateien</Filter>
    </ClInclude>
    <ClInclude Include="src\systems\messageing\types\KeyPressedEvent.h">
      <Filter>Headerdateien</Filter>
    </ClInclude>
    <ClInclude Include="src\systems\AnimationManager.h">
      <Filter>Headerdateien</Filter>
    </ClInclude>
    <ClInclude Include="src\graphics\animation\skinning\AnimationClip.h">
      <Filter>Headerdateien</Filter>
    </ClInclude>
    <ClInclude Include="src\graphics\animation\skinning\AnimationSample.h">
      <Filter>Headerdateien</Filter>
    </ClInclude>
    <ClInclude Include="src\graphics\animation\skinning\Joint.h">
      <Filter>Headerdateien</Filter>
    </ClInclude>
    <ClInclude Include="src\graphics\animation\skinning\JointPose.h">
      <Filter>Headerdateien</Filter>
    </ClInclude>
    <ClInclude Include="src\graphics\animation\skinning\skeleton.h">
      <Filter>Headerdateien</Filter>
    </ClInclude>
    <ClInclude Include="src\graphics\animation\skinning\SkeletonPose.h">
      <Filter>Headerdateien</Filter>
    </ClInclude>
    <ClInclude Include="src\graphics\animation\skinning\SkinnedVertex.h">
      <Filter>Headerdateien</Filter>
    </ClInclude>
    <ClInclude Include="src\graphics\render\Shader.h">
      <Filter>Headerdateien</Filter>
    </ClInclude>
    <ClInclude Include="src\graphics\animation\AnimationHandle.h">
      <Filter>Headerdateien</Filter>
    </ClInclude>
    <ClInclude Include="src\entity\component\Animatable.h">
      <Filter>Headerdateien</Filter>
    </ClInclude>
    <ClInclude Include="src\importAnimations.h">
      <Filter>Headerdateien</Filter>
    </ClInclude>
    <ClInclude Include="src\graphics\animation\AnimationLoader.h">
      <Filter>Headerdateien</Filter>
    </ClInclude>
    <ClInclude Include="src\graphics\animation\skinning\RenderableSkin.h">
      <Filter>Headerdateien</Filter>
    </ClInclude>
    <ClInclude Include="src\systems\messageing\types\AnimationEvent.h">
      <Filter>Headerdateien</Filter>
    </ClInclude>
    <ClInclude Include="src\entity\FollowCamera.h">
      <Filter>Headerdateien</Filter>
    </ClInclude>
    <ClInclude Include="src\collision\collideable.h">
      <Filter>Headerdateien</Filter>
    </ClInclude>
    <ClInclude Include="src\systems\CollisionManager.h">
      <Filter>Headerdateien</Filter>
    </ClInclude>
    <ClInclude Include="src\collision\AABB.h">
      <Filter>Headerdateien</Filter>
    </ClInclude>
    <ClInclude Include="src\collision\CollisionShape.h">
      <Filter>Headerdateien</Filter>
    </ClInclude>
    <ClInclude Include="src\types.h">
      <Filter>Headerdateien</Filter>
    </ClInclude>
    <ClInclude Include="src\platform\windows\Console.h">
      <Filter>Headerdateien</Filter>
    </ClInclude>
    <ClInclude Include="src\entity\Terrain.h">
      <Filter>Headerdateien</Filter>
    </ClInclude>
    <ClInclude Include="src\math\Vec3.h">
      <Filter>Headerdateien</Filter>
    </ClInclude>
    <ClInclude Include="src\debug\ATB.h">
      <Filter>Headerdateien</Filter>
    </ClInclude>
    <ClInclude Include="tests\Game.h">
      <Filter>Headerdateien</Filter>
    </ClInclude>
    <ClInclude Include="src\input\rawinputconstants.h">
      <Filter>Headerdateien</Filter>
    </ClInclude>
    <ClInclude Include="src\input\inputconstants.h">
      <Filter>Headerdateien</Filter>
    </ClInclude>
    <ClInclude Include="src\input\MappedInput.h">
      <Filter>Headerdateien</Filter>
    </ClInclude>
    <ClInclude Include="src\input\InputContext.h">
      <Filter>Headerdateien</Filter>
    </ClInclude>
    <ClInclude Include="src\input\InputMapper.h">
      <Filter>Headerdateien</Filter>
    </ClInclude>
    <ClInclude Include="src\utils\xmlreader\rapidxml.hpp">
      <Filter>Headerdateien</Filter>
    </ClInclude>
    <ClInclude Include="src\utils\xmlreader\rapidxml_iterators.hpp">
      <Filter>Headerdateien</Filter>
    </ClInclude>
    <ClInclude Include="src\utils\xmlreader\rapidxml_print.hpp">
      <Filter>Headerdateien</Filter>
    </ClInclude>
    <ClInclude Include="src\utils\xmlreader\rapidxml_utils.hpp">
      <Filter>Headerdateien</Filter>
    </ClInclude>
    <ClInclude Include="src\input\RangeConverter.h">
      <Filter>Headerdateien</Filter>
    </ClInclude>
    <ClInclude Include="src\state.h">
      <Filter>Headerdateien</Filter>
    </ClInclude>
    <ClInclude Include="src\input\RawInput.h">
      <Filter>Headerdateien</Filter>
    </ClInclude>
    <ClInclude Include="src\utils\FileUtils.h">
      <Filter>Headerdateien</Filter>
    </ClInclude>
    <ClInclude Include="src\common.h">
      <Filter>Headerdateien</Filter>
    </ClInclude>
    <ClInclude Include="src\application\Application.h">
      <Filter>Headerdateien</Filter>
    </ClInclude>
    <ClInclude Include="src\audio\AudioSource.h">
      <Filter>Headerdateien</Filter>
    </ClInclude>
    <ClInclude Include="src\graphics\buffer\Framebuffer.h">
      <Filter>Headerdateien</Filter>
    </ClInclude>
    <ClInclude Include="src\graphics\Renderable2D.h">
      <Filter>Headerdateien</Filter>
    </ClInclude>
    <ClInclude Include="src\graphics\render\gltypes.h">
      <Filter>Headerdateien</Filter>
    </ClInclude>
  </ItemGroup>
  <ItemGroup>
    <None Include="res\shader\basic.frag" />
    <None Include="res\shader\basic.vert" />
    <None Include="res\shader\default.vert" />
    <None Include="res\shader\default.frag" />
    <None Include="res\shader\ui\uishader.frag" />
    <None Include="res\shader\ui\uishader.vert" />
    <None Include="res\shader\boxshader.vert" />
    <None Include="res\shader\boxshader.frag" />
    <None Include="res\shader\animation\rigshader.vert" />
    <None Include="res\shader\animation\rigshader.frag" />
    <None Include="res\shader\defaultmaterial.frag" />
    <None Include="res\shader\defaultmaterial.vert" />
    <None Include="res\shader\aabbshader.frag" />
    <None Include="res\shader\aabbshader.vert" />
    <None Include="res\shader\terrainshader.vert" />
    <None Include="res\shader\terrainshader.frag" />
    <None Include="res\shader\environmentShader.vert" />
    <None Include="res\shader\environmentShader.frag" />
  </ItemGroup>
  <ItemGroup>
    <Text Include="src\convention.txt" />
  </ItemGroup>
  <ItemGroup>
    <Xml Include="res\inputmapping\contexts.xml" />
    <Xml Include="res\inputmapping\default_input_context.xml" />
  </ItemGroup>
</Project>